
Microsoft Visual Studio Solution File, Format Version 12.00
# Visual Studio Version 17
VisualStudioVersion = 17.0.31903.59
MinimumVisualStudioVersion = 10.0.40219.1
Project("{2150E333-8FDC-42A3-9474-1A3956D46DE8}") = "src", "src", "{827E0CD3-B72D-47B6-A68D-7590B98EB39B}"
EndProject
Project("{FAE04EC0-301F-11D3-BF4B-00C04F79EFBC}") = "WebAPI", "src\WebAPI\WebAPI.csproj", "{55383AA0-0248-451C-8B8F-D6CB84EA80EF}"
EndProject
Project("{2150E333-8FDC-42A3-9474-1A3956D46DE8}") = "tests", "tests", "{0AB3BF05-4346-4AA6-1389-037BE0695223}"
EndProject
Project("{FAE04EC0-301F-11D3-BF4B-00C04F79EFBC}") = "Application.Tests", "tests\Application.Tests\Application.Tests.csproj", "{B5F8A9F7-DCF6-437B-B006-699032645636}"
EndProject
Project("{FAE04EC0-301F-11D3-BF4B-00C04F79EFBC}") = "Domain", "src\Domain\Domain.csproj", "{B7736F29-7314-4309-9605-9CAC37380F8F}"
EndProject
Project("{FAE04EC0-301F-11D3-BF4B-00C04F79EFBC}") = "Application", "src\Application\Application.csproj", "{A81469B2-513E-4D2A-9D32-EDE751CD8FFC}"
EndProject
Project("{FAE04EC0-301F-11D3-BF4B-00C04F79EFBC}") = "Infrastructure", "src\Infrastructure\Infrastructure.csproj", "{A0301BC8-5749-4847-96EC-7EC64622FDE6}"
EndProject
Global
	GlobalSection(SolutionConfigurationPlatforms) = preSolution
		Debug|Any CPU = Debug|Any CPU
		Debug|x64 = Debug|x64
		Debug|x86 = Debug|x86
		Release|Any CPU = Release|Any CPU
		Release|x64 = Release|x64
		Release|x86 = Release|x86
	EndGlobalSection
	GlobalSection(ProjectConfigurationPlatforms) = postSolution
		{55383AA0-0248-451C-8B8F-D6CB84EA80EF}.Debug|Any CPU.ActiveCfg = Debug|Any CPU
		{55383AA0-0248-451C-8B8F-D6CB84EA80EF}.Debug|Any CPU.Build.0 = Debug|Any CPU
		{55383AA0-0248-451C-8B8F-D6CB84EA80EF}.Debug|x64.ActiveCfg = Debug|Any CPU
		{55383AA0-0248-451C-8B8F-D6CB84EA80EF}.Debug|x64.Build.0 = Debug|Any CPU
		{55383AA0-0248-451C-8B8F-D6CB84EA80EF}.Debug|x86.ActiveCfg = Debug|Any CPU
		{55383AA0-0248-451C-8B8F-D6CB84EA80EF}.Debug|x86.Build.0 = Debug|Any CPU
		{55383AA0-0248-451C-8B8F-D6CB84EA80EF}.Release|Any CPU.ActiveCfg = Release|Any CPU
		{55383AA0-0248-451C-8B8F-D6CB84EA80EF}.Release|Any CPU.Build.0 = Release|Any CPU
		{55383AA0-0248-451C-8B8F-D6CB84EA80EF}.Release|x64.ActiveCfg = Release|Any CPU
		{55383AA0-0248-451C-8B8F-D6CB84EA80EF}.Release|x64.Build.0 = Release|Any CPU
		{55383AA0-0248-451C-8B8F-D6CB84EA80EF}.Release|x86.ActiveCfg = Release|Any CPU
		{55383AA0-0248-451C-8B8F-D6CB84EA80EF}.Release|x86.Build.0 = Release|Any CPU
		{B5F8A9F7-DCF6-437B-B006-699032645636}.Debug|Any CPU.ActiveCfg = Debug|Any CPU
		{B5F8A9F7-DCF6-437B-B006-699032645636}.Debug|Any CPU.Build.0 = Debug|Any CPU
		{B5F8A9F7-DCF6-437B-B006-699032645636}.Debug|x64.ActiveCfg = Debug|Any CPU
		{B5F8A9F7-DCF6-437B-B006-699032645636}.Debug|x64.Build.0 = Debug|Any CPU
		{B5F8A9F7-DCF6-437B-B006-699032645636}.Debug|x86.ActiveCfg = Debug|Any CPU
		{B5F8A9F7-DCF6-437B-B006-699032645636}.Debug|x86.Build.0 = Debug|Any CPU
		{B5F8A9F7-DCF6-437B-B006-699032645636}.Release|Any CPU.ActiveCfg = Release|Any CPU
		{B5F8A9F7-DCF6-437B-B006-699032645636}.Release|Any CPU.Build.0 = Release|Any CPU
		{B5F8A9F7-DCF6-437B-B006-699032645636}.Release|x64.ActiveCfg = Release|Any CPU
		{B5F8A9F7-DCF6-437B-B006-699032645636}.Release|x64.Build.0 = Release|Any CPU
		{B5F8A9F7-DCF6-437B-B006-699032645636}.Release|x86.ActiveCfg = Release|Any CPU
		{B5F8A9F7-DCF6-437B-B006-699032645636}.Release|x86.Build.0 = Release|Any CPU
		{B7736F29-7314-4309-9605-9CAC37380F8F}.Debug|Any CPU.ActiveCfg = Debug|Any CPU
		{B7736F29-7314-4309-9605-9CAC37380F8F}.Debug|Any CPU.Build.0 = Debug|Any CPU
		{B7736F29-7314-4309-9605-9CAC37380F8F}.Debug|x64.ActiveCfg = Debug|Any CPU
		{B7736F29-7314-4309-9605-9CAC37380F8F}.Debug|x64.Build.0 = Debug|Any CPU
		{B7736F29-7314-4309-9605-9CAC37380F8F}.Debug|x86.ActiveCfg = Debug|Any CPU
		{B7736F29-7314-4309-9605-9CAC37380F8F}.Debug|x86.Build.0 = Debug|Any CPU
		{B7736F29-7314-4309-9605-9CAC37380F8F}.Release|Any CPU.ActiveCfg = Release|Any CPU
		{B7736F29-7314-4309-9605-9CAC37380F8F}.Release|Any CPU.Build.0 = Release|Any CPU
		{B7736F29-7314-4309-9605-9CAC37380F8F}.Release|x64.ActiveCfg = Release|Any CPU
		{B7736F29-7314-4309-9605-9CAC37380F8F}.Release|x64.Build.0 = Release|Any CPU
		{B7736F29-7314-4309-9605-9CAC37380F8F}.Release|x86.ActiveCfg = Release|Any CPU
		{B7736F29-7314-4309-9605-9CAC37380F8F}.Release|x86.Build.0 = Release|Any CPU
		{A81469B2-513E-4D2A-9D32-EDE751CD8FFC}.Debug|Any CPU.ActiveCfg = Debug|Any CPU
		{A81469B2-513E-4D2A-9D32-EDE751CD8FFC}.Debug|Any CPU.Build.0 = Debug|Any CPU
		{A81469B2-513E-4D2A-9D32-EDE751CD8FFC}.Debug|x64.ActiveCfg = Debug|Any CPU
		{A81469B2-513E-4D2A-9D32-EDE751CD8FFC}.Debug|x64.Build.0 = Debug|Any CPU
		{A81469B2-513E-4D2A-9D32-EDE751CD8FFC}.Debug|x86.ActiveCfg = Debug|Any CPU
		{A81469B2-513E-4D2A-9D32-EDE751CD8FFC}.Debug|x86.Build.0 = Debug|Any CPU
		{A81469B2-513E-4D2A-9D32-EDE751CD8FFC}.Release|Any CPU.ActiveCfg = Release|Any CPU
		{A81469B2-513E-4D2A-9D32-EDE751CD8FFC}.Release|Any CPU.Build.0 = Release|Any CPU
		{A81469B2-513E-4D2A-9D32-EDE751CD8FFC}.Release|x64.ActiveCfg = Release|Any CPU
		{A81469B2-513E-4D2A-9D32-EDE751CD8FFC}.Release|x64.Build.0 = Release|Any CPU
		{A81469B2-513E-4D2A-9D32-EDE751CD8FFC}.Release|x86.ActiveCfg = Release|Any CPU
		{A81469B2-513E-4D2A-9D32-EDE751CD8FFC}.Release|x86.Build.0 = Release|Any CPU
		{A0301BC8-5749-4847-96EC-7EC64622FDE6}.Debug|Any CPU.ActiveCfg = Debug|Any CPU
		{A0301BC8-5749-4847-96EC-7EC64622FDE6}.Debug|Any CPU.Build.0 = Debug|Any CPU
		{A0301BC8-5749-4847-96EC-7EC64622FDE6}.Debug|x64.ActiveCfg = Debug|Any CPU
		{A0301BC8-5749-4847-96EC-7EC64622FDE6}.Debug|x64.Build.0 = Debug|Any CPU
		{A0301BC8-5749-4847-96EC-7EC64622FDE6}.Debug|x86.ActiveCfg = Debug|Any CPU
		{A0301BC8-5749-4847-96EC-7EC64622FDE6}.Debug|x86.Build.0 = Debug|Any CPU
		{A0301BC8-5749-4847-96EC-7EC64622FDE6}.Release|Any CPU.ActiveCfg = Release|Any CPU
		{A0301BC8-5749-4847-96EC-7EC64622FDE6}.Release|Any CPU.Build.0 = Release|Any CPU
		{A0301BC8-5749-4847-96EC-7EC64622FDE6}.Release|x64.ActiveCfg = Release|Any CPU
		{A0301BC8-5749-4847-96EC-7EC64622FDE6}.Release|x64.Build.0 = Release|Any CPU
		{A0301BC8-5749-4847-96EC-7EC64622FDE6}.Release|x86.ActiveCfg = Release|Any CPU
		{A0301BC8-5749-4847-96EC-7EC64622FDE6}.Release|x86.Build.0 = Release|Any CPU
	EndGlobalSection
	GlobalSection(SolutionProperties) = preSolution
		HideSolutionNode = FALSE
	EndGlobalSection
	GlobalSection(NestedProjects) = preSolution
		{55383AA0-0248-451C-8B8F-D6CB84EA80EF} = {827E0CD3-B72D-47B6-A68D-7590B98EB39B}
		{B5F8A9F7-DCF6-437B-B006-699032645636} = {0AB3BF05-4346-4AA6-1389-037BE0695223}
		{B7736F29-7314-4309-9605-9CAC37380F8F} = {827E0CD3-B72D-47B6-A68D-7590B98EB39B}
		{A81469B2-513E-4D2A-9D32-EDE751CD8FFC} = {827E0CD3-B72D-47B6-A68D-7590B98EB39B}
		{A0301BC8-5749-4847-96EC-7EC64622FDE6} = {827E0CD3-B72D-47B6-A68D-7590B98EB39B}
	EndGlobalSection
EndGlobal
